
Microsoft Visual Studio Solution File, Format Version 12.00
# Visual Studio Version 17
VisualStudioVersion = 17.10.34928.147
MinimumVisualStudioVersion = 10.0.40219.1
Project("{FAE04EC0-301F-11D3-BF4B-00C04F79EFBC}") = "CustomersApp.API", "CustomersApp.API\CustomersApp.API.csproj", "{F3CC0589-632A-4987-8A17-317CAD841E6E}"
EndProject
Project("{FAE04EC0-301F-11D3-BF4B-00C04F79EFBC}") = "CustomersApp.UI", "CustomersApp.UI\CustomersApp.UI.csproj", "{21590F3E-8B5C-4718-A8CA-E7E4D164AA3C}"
EndProject
Global
	GlobalSection(SolutionConfigurationPlatforms) = preSolution
		Debug|Any CPU = Debug|Any CPU
		Release|Any CPU = Release|Any CPU
	EndGlobalSection
	GlobalSection(ProjectConfigurationPlatforms) = postSolution
		{F3CC0589-632A-4987-8A17-317CAD841E6E}.Debug|Any CPU.ActiveCfg = Debug|Any CPU
		{F3CC0589-632A-4987-8A17-317CAD841E6E}.Debug|Any CPU.Build.0 = Debug|Any CPU
		{F3CC0589-632A-4987-8A17-317CAD841E6E}.Release|Any CPU.ActiveCfg = Release|Any CPU
		{F3CC0589-632A-4987-8A17-317CAD841E6E}.Release|Any CPU.Build.0 = Release|Any CPU
		{21590F3E-8B5C-4718-A8CA-E7E4D164AA3C}.Debug|Any CPU.ActiveCfg = Debug|Any CPU
		{21590F3E-8B5C-4718-A8CA-E7E4D164AA3C}.Debug|Any CPU.Build.0 = Debug|Any CPU
		{21590F3E-8B5C-4718-A8CA-E7E4D164AA3C}.Release|Any CPU.ActiveCfg = Release|Any CPU
		{21590F3E-8B5C-4718-A8CA-E7E4D164AA3C}.Release|Any CPU.Build.0 = Release|Any CPU
	EndGlobalSection
	GlobalSection(SolutionProperties) = preSolution
		HideSolutionNode = FALSE
	EndGlobalSection
	GlobalSection(ExtensibilityGlobals) = postSolution
		SolutionGuid = {69FB888E-D976-4E0D-BFE4-A3B474B5526D}
	EndGlobalSection
EndGlobal
